
Microsoft Visual Studio Solution File, Format Version 12.00
# Visual Studio Version 16
VisualStudioVersion = 16.0.31321.278
MinimumVisualStudioVersion = 10.0.40219.1
Project("{FAE04EC0-301F-11D3-BF4B-00C04F79EFBC}") = "Space_shuttle_launch", "Space_shuttle_launch\Space_shuttle_launch.csproj", "{898EC267-3052-46AE-9359-C685E14AF4A3}"
EndProject
Global
	GlobalSection(SolutionConfigurationPlatforms) = preSolution
		Debug|Any CPU = Debug|Any CPU
		Release|Any CPU = Release|Any CPU
	EndGlobalSection
	GlobalSection(ProjectConfigurationPlatforms) = postSolution
		{898EC267-3052-46AE-9359-C685E14AF4A3}.Debug|Any CPU.ActiveCfg = Debug|Any CPU
		{898EC267-3052-46AE-9359-C685E14AF4A3}.Debug|Any CPU.Build.0 = Debug|Any CPU
		{898EC267-3052-46AE-9359-C685E14AF4A3}.Release|Any CPU.ActiveCfg = Release|Any CPU
		{898EC267-3052-46AE-9359-C685E14AF4A3}.Release|Any CPU.Build.0 = Release|Any CPU
	EndGlobalSection
	GlobalSection(SolutionProperties) = preSolution
		HideSolutionNode = FALSE
	EndGlobalSection
	GlobalSection(ExtensibilityGlobals) = postSolution
		SolutionGuid = {6FE08133-A014-403E-AA7C-5A4D144BCFA5}
	EndGlobalSection
EndGlobal
